
Microsoft Visual Studio Solution File, Format Version 12.00
# Visual Studio 15
Project("{FAE04EC0-301F-11D3-BF4B-00C04F79EFBC}") = "Lab10", "Lab10\Lab10.csproj", "{DB9219F7-B5FB-404D-9148-441EA2527252}"
EndProject
Global
	GlobalSection(SolutionConfigurationPlatforms) = preSolution
		Debug|Any CPU = Debug|Any CPU
		Release|Any CPU = Release|Any CPU
	EndGlobalSection
	GlobalSection(ProjectConfigurationPlatforms) = postSolution
		{DB9219F7-B5FB-404D-9148-441EA2527252}.Debug|Any CPU.ActiveCfg = Debug|Any CPU
		{DB9219F7-B5FB-404D-9148-441EA2527252}.Debug|Any CPU.Build.0 = Debug|Any CPU
		{DB9219F7-B5FB-404D-9148-441EA2527252}.Release|Any CPU.ActiveCfg = Release|Any CPU
		{DB9219F7-B5FB-404D-9148-441EA2527252}.Release|Any CPU.Build.0 = Release|Any CPU
	EndGlobalSection
EndGlobal
